
Microsoft Visual Studio Solution File, Format Version 12.00
# Visual Studio Version 16
VisualStudioVersion = 16.0.33214.272
MinimumVisualStudioVersion = 10.0.40219.1
Project("{9A19103F-16F7-4668-BE54-9A1E7A4F7556}") = "Mission09_jhalver6", "Mission09_jhalver6\Mission09_jhalver6.csproj", "{7B95AAEC-F340-4446-AC13-B59505E6A119}"
EndProject
Global
	GlobalSection(SolutionConfigurationPlatforms) = preSolution
		Debug|Any CPU = Debug|Any CPU
		Release|Any CPU = Release|Any CPU
	EndGlobalSection
	GlobalSection(ProjectConfigurationPlatforms) = postSolution
		{7B95AAEC-F340-4446-AC13-B59505E6A119}.Debug|Any CPU.ActiveCfg = Debug|Any CPU
		{7B95AAEC-F340-4446-AC13-B59505E6A119}.Debug|Any CPU.Build.0 = Debug|Any CPU
		{7B95AAEC-F340-4446-AC13-B59505E6A119}.Release|Any CPU.ActiveCfg = Release|Any CPU
		{7B95AAEC-F340-4446-AC13-B59505E6A119}.Release|Any CPU.Build.0 = Release|Any CPU
	EndGlobalSection
	GlobalSection(SolutionProperties) = preSolution
		HideSolutionNode = FALSE
	EndGlobalSection
	GlobalSection(ExtensibilityGlobals) = postSolution
		SolutionGuid = {D0FF9CA1-F590-407B-8AA6-A692DC402C88}
	EndGlobalSection
EndGlobal
